
Microsoft Visual Studio Solution File, Format Version 12.00
# Visual Studio Version 17
VisualStudioVersion = 17.3.32819.101
MinimumVisualStudioVersion = 10.0.40219.1
Project("{9A19103F-16F7-4668-BE54-9A1E7A4F7556}") = "GraphAlgorithms.ConsoleApp", "src\GraphAlgorithms.ConsoleApp\GraphAlgorithms.ConsoleApp.csproj", "{9E001CE2-36B0-427E-92E2-0C5623299842}"
EndProject
Project("{2150E333-8FDC-42A3-9474-1A3956D46DE8}") = "Solution Items", "Solution Items", "{FD5B66BB-58DD-4D4C-9836-03E064A81CC3}"
	ProjectSection(SolutionItems) = preProject
		.gitignore = .gitignore
		README.md = README.md
	EndProjectSection
EndProject
Project("{9A19103F-16F7-4668-BE54-9A1E7A4F7556}") = "GraphAlgorithms.Core", "src\GraphAlgorithms.Core\GraphAlgorithms.Core.csproj", "{9B0AFEDC-55B9-46CE-9986-B9F59D39BC97}"
EndProject
Project("{2150E333-8FDC-42A3-9474-1A3956D46DE8}") = "src", "src", "{7D3D3475-893D-4287-BE31-A422243D8FAC}"
EndProject
Project("{2150E333-8FDC-42A3-9474-1A3956D46DE8}") = "tests", "tests", "{1CEE4530-35EE-4AC5-A945-4E2ACB52C510}"
EndProject
Global
	GlobalSection(SolutionConfigurationPlatforms) = preSolution
		Debug|Any CPU = Debug|Any CPU
		Release|Any CPU = Release|Any CPU
	EndGlobalSection
	GlobalSection(ProjectConfigurationPlatforms) = postSolution
		{9E001CE2-36B0-427E-92E2-0C5623299842}.Debug|Any CPU.ActiveCfg = Debug|Any CPU
		{9E001CE2-36B0-427E-92E2-0C5623299842}.Debug|Any CPU.Build.0 = Debug|Any CPU
		{9E001CE2-36B0-427E-92E2-0C5623299842}.Release|Any CPU.ActiveCfg = Release|Any CPU
		{9E001CE2-36B0-427E-92E2-0C5623299842}.Release|Any CPU.Build.0 = Release|Any CPU
		{9B0AFEDC-55B9-46CE-9986-B9F59D39BC97}.Debug|Any CPU.ActiveCfg = Debug|Any CPU
		{9B0AFEDC-55B9-46CE-9986-B9F59D39BC97}.Debug|Any CPU.Build.0 = Debug|Any CPU
		{9B0AFEDC-55B9-46CE-9986-B9F59D39BC97}.Release|Any CPU.ActiveCfg = Release|Any CPU
		{9B0AFEDC-55B9-46CE-9986-B9F59D39BC97}.Release|Any CPU.Build.0 = Release|Any CPU
	EndGlobalSection
	GlobalSection(SolutionProperties) = preSolution
		HideSolutionNode = FALSE
	EndGlobalSection
	GlobalSection(NestedProjects) = preSolution
		{9E001CE2-36B0-427E-92E2-0C5623299842} = {7D3D3475-893D-4287-BE31-A422243D8FAC}
		{9B0AFEDC-55B9-46CE-9986-B9F59D39BC97} = {7D3D3475-893D-4287-BE31-A422243D8FAC}
	EndGlobalSection
	GlobalSection(ExtensibilityGlobals) = postSolution
		SolutionGuid = {73279538-6768-480B-BFCE-73710C7202E1}
	EndGlobalSection
EndGlobal
